// !$*UTF8*$!
{
	archiveVersion = 1;
	classes = {
	};
	objectVersion = 50;
	objects = {

/* Begin PBXBuildFile section */
		724D9E5E243464B00090CA69 /* AppDelegate.swift in Sources */ = {isa = PBXBuildFile; fileRef = 724D9E5D243464B00090CA69 /* AppDelegate.swift */; };
		724D9E60243464B00090CA69 /* SceneDelegate.swift in Sources */ = {isa = PBXBuildFile; fileRef = 724D9E5F243464B00090CA69 /* SceneDelegate.swift */; };
		724D9E62243464B00090CA69 /* ContentView.swift in Sources */ = {isa = PBXBuildFile; fileRef = 724D9E61243464B00090CA69 /* ContentView.swift */; };
		724D9E64243464B20090CA69 /* Assets.xcassets in Resources */ = {isa = PBXBuildFile; fileRef = 724D9E63243464B20090CA69 /* Assets.xcassets */; };
		724D9E67243464B20090CA69 /* Preview Assets.xcassets in Resources */ = {isa = PBXBuildFile; fileRef = 724D9E66243464B20090CA69 /* Preview Assets.xcassets */; };
		724D9E6A243464B20090CA69 /* LaunchScreen.storyboard in Resources */ = {isa = PBXBuildFile; fileRef = 724D9E68243464B20090CA69 /* LaunchScreen.storyboard */; };
/* End PBXBuildFile section */

/* Begin PBXFileReference section */
		724D9E5A243464B00090CA69 /* play2.app */ = {isa = PBXFileReference; explicitFileType = wrapper.application; includeInIndex = 0; path = play2.app; sourceTree = BUILT_PRODUCTS_DIR; };
		724D9E5D243464B00090CA69 /* AppDelegate.swift */ = {isa = PBXFileReference; lastKnownFileType = sourcecode.swift; path = AppDelegate.swift; sourceTree = "<group>"; };
		724D9E5F243464B00090CA69 /* SceneDelegate.swift */ = {isa = PBXFileReference; lastKnownFileType = sourcecode.swift; path = SceneDelegate.swift; sourceTree = "<group>"; };
		724D9E61243464B00090CA69 /* ContentView.swift */ = {isa = PBXFileReference; lastKnownFileType = sourcecode.swift; path = ContentView.swift; sourceTree = "<group>"; };
		724D9E63243464B20090CA69 /* Assets.xcassets */ = {isa = PBXFileReference; lastKnownFileType = folder.assetcatalog; path = Assets.xcassets; sourceTree = "<group>"; };
		724D9E66243464B20090CA69 /* Preview Assets.xcassets */ = {isa = PBXFileReference; lastKnownFileType = folder.assetcatalog; path = "Preview Assets.xcassets"; sourceTree = "<group>"; };
		724D9E69243464B20090CA69 /* Base */ = {isa = PBXFileReference; lastKnownFileType = file.storyboard; name = Base; path = Base.lproj/LaunchScreen.storyboard; sourceTree = "<group>"; };
		724D9E6B243464B20090CA69 /* Info.plist */ = {isa = PBXFileReference; lastKnownFileType = text.plist.xml; path = Info.plist; sourceTree = "<group>"; };
/* End PBXFileReference section */

/* Begin PBXFrameworksBuildPhase section */
		724D9E57243464B00090CA69 /* Frameworks */ = {
			isa = PBXFrameworksBuildPhase;
			buildActionMask = 2147483647;
			files = (
			);
			runOnlyForDeploymentPostprocessing = 0;
		};
/* End PBXFrameworksBuildPhase section */

/* Begin PBXGroup section */
		724D9E51243464B00090CA69 = {
			isa = PBXGroup;
			children = (
				724D9E5C243464B00090CA69 /* play2 */,
				724D9E5B243464B00090CA69 /* Products */,
			);
			sourceTree = "<group>";
		};
		724D9E5B243464B00090CA69 /* Products */ = {
			isa = PBXGroup;
			children = (
				724D9E5A243464B00090CA69 /* play2.app */,
			);
			name = Products;
			sourceTree = "<group>";
		};
		724D9E5C243464B00090CA69 /* play2 */ = {
			isa = PBXGroup;
			children = (
				724D9E5D243464B00090CA69 /* AppDelegate.swift */,
				724D9E5F243464B00090CA69 /* SceneDelegate.swift */,
				724D9E61243464B00090CA69 /* ContentView.swift */,
				724D9E63243464B20090CA69 /* Assets.xcassets */,
				724D9E68243464B20090CA69 /* LaunchScreen.storyboard */,
				724D9E6B243464B20090CA69 /* Info.plist */,
				724D9E65243464B20090CA69 /* Preview Content */,
			);
			path = play2;
			sourceTree = "<group>";
		};
		724D9E65243464B20090CA69 /* Preview Content */ = {
			isa = PBXGroup;
			children = (
				724D9E66243464B20090CA69 /* Preview Assets.xcassets */,
			);
			path = "Preview Content";
			sourceTree = "<group>";
		};
/* End PBXGroup section */

/* Begin PBXNativeTarget section */
		724D9E59243464B00090CA69 /* play2 */ = {
			isa = PBXNativeTarget;
			buildConfigurationList = 724D9E6E243464B20090CA69 /* Build configuration list for PBXNativeTarget "play2" */;
			buildPhases = (
				724D9E56243464B00090CA69 /* Sources */,
				724D9E57243464B00090CA69 /* Frameworks */,
				724D9E58243464B00090CA69 /* Resources */,
			);
			buildRules = (
			);
			dependencies = (
			);
			name = play2;
			productName = play2;
			productReference = 724D9E5A243464B00090CA69 /* play2.app */;
			productType = "com.apple.product-type.application";
		};
/* End PBXNativeTarget section */

/* Begin PBXProject section */
		724D9E52243464B00090CA69 /* Project object */ = {
			isa = PBXProject;
			attributes = {
				LastSwiftUpdateCheck = 1130;
				LastUpgradeCheck = 1130;
				ORGANIZATIONNAME = "Josep Subils Rigau";
				TargetAttributes = {
					724D9E59243464B00090CA69 = {
						CreatedOnToolsVersion = 11.3.1;
					};
				};
			};
			buildConfigurationList = 724D9E55243464B00090CA69 /* Build configuration list for PBXProject "play2" */;
			compatibilityVersion = "Xcode 9.3";
			developmentRegion = en;
			hasScannedForEncodings = 0;
			knownRegions = (
				en,
				Base,
			);
			mainGroup = 724D9E51243464B00090CA69;
			productRefGroup = 724D9E5B243464B00090CA69 /* Products */;
			projectDirPath = "";
			projectRoot = "";
			targets = (
				724D9E59243464B00090CA69 /* play2 */,
			);
		};
/* End PBXProject section */

/* Begin PBXResourcesBuildPhase section */
		724D9E58243464B00090CA69 /* Resources */ = {
			isa = PBXResourcesBuildPhase;
			buildActionMask = 2147483647;
			files = (
				724D9E6A243464B20090CA69 /* LaunchScreen.storyboard in Resources */,
				724D9E67243464B20090CA69 /* Preview Assets.xcassets in Resources */,
				724D9E64243464B20090CA69 /* Assets.xcassets in Resources */,
			);
			runOnlyForDeploymentPostprocessing = 0;
		};
/* End PBXResourcesBuildPhase section */

/* Begin PBXSourcesBuildPhase section */
		724D9E56243464B00090CA69 /* Sources */ = {
			isa = PBXSourcesBuildPhase;
			buildActionMask = 2147483647;
			files = (
				724D9E5E243464B00090CA69 /* AppDelegate.swift in Sources */,
				724D9E60243464B00090CA69 /* SceneDelegate.swift in Sources */,
				724D9E62243464B00090CA69 /* ContentView.swift in Sources */,
			);
			runOnlyForDeploymentPostprocessing = 0;
		};
/* End PBXSourcesBuildPhase section */

/* Begin PBXVariantGroup section */
		724D9E68243464B20090CA69 /* LaunchScreen.storyboard */ = {
			isa = PBXVariantGroup;
			children = (
				724D9E69243464B20090CA69 /* Base */,
			);
			name = LaunchScreen.storyboard;
			sourceTree = "<group>";
		};
/* End PBXVariantGroup section */

/* Begin XCBuildConfiguration section */
		724D9E6C243464B20090CA69 /* Debug */ = {
			isa = XCBuildConfiguration;
			buildSettings = {
				ALWAYS_SEARCH_USER_PATHS = NO;
				CLANG_ANALYZER_NONNULL = YES;
				CLANG_ANALYZER_NUMBER_OBJECT_CONVERSION = YES_AGGRESSIVE;
				CLANG_CXX_LANGUAGE_STANDARD = "gnu++14";
				CLANG_CXX_LIBRARY = "libc++";
				CLANG_ENABLE_MODULES = YES;
				CLANG_ENABLE_OBJC_ARC = YES;
				CLANG_ENABLE_OBJC_WEAK = YES;
				CLANG_WARN_BLOCK_CAPTURE_AUTORELEASING = YES;
				CLANG_WARN_BOOL_CONVERSION = YES;
				CLANG_WARN_COMMA = YES;
				CLANG_WARN_CONSTANT_CONVERSION = YES;
				CLANG_WARN_DEPRECATED_OBJC_IMPLEMENTATIONS = YES;
				CLANG_WARN_DIRECT_OBJC_ISA_USAGE = YES_ERROR;
				CLANG_WARN_DOCUMENTATION_COMMENTS = YES;
				CLANG_WARN_EMPTY_BODY = YES;
				CLANG_WARN_ENUM_CONVERSION = YES;
				CLANG_WARN_INFINITE_RECURSION = YES;
				CLANG_WARN_INT_CONVERSION = YES;
				CLANG_WARN_NON_LITERAL_NULL_CONVERSION = YES;
				CLANG_WARN_OBJC_IMPLICIT_RETAIN_SELF = YES;
				CLANG_WARN_OBJC_LITERAL_CONVERSION = YES;
				CLANG_WARN_OBJC_ROOT_CLASS = YES_ERROR;
				CLANG_WARN_RANGE_LOOP_ANALYSIS = YES;
				CLANG_WARN_STRICT_PROTOTYPES = YES;
				CLANG_WARN_SUSPICIOUS_MOVE = YES;
				CLANG_WARN_UNGUARDED_AVAILABILITY = YES_AGGRESSIVE;
				CLANG_WARN_UNREACHABLE_CODE = YES;
				CLANG_WARN__DUPLICATE_METHOD_MATCH = YES;
				COPY_PHASE_STRIP = NO;
				DEBUG_INFORMATION_FORMAT = dwarf;
				ENABLE_STRICT_OBJC_MSGSEND = YES;
				ENABLE_TESTABILITY = YES;
				GCC_C_LANGUAGE_STANDARD = gnu11;
				GCC_DYNAMIC_NO_PIC = NO;
				GCC_NO_COMMON_BLOCKS = YES;
				GCC_OPTIMIZATION_LEVEL = 0;
				GCC_PREPROCESSOR_DEFINITIONS = (
					"DEBUG=1",
					"$(inherited)",
				);
				GCC_WARN_64_TO_32_BIT_CONVERSION = YES;
				GCC_WARN_ABOUT_RETURN_TYPE = YES_ERROR;
				GCC_WARN_UNDECLARED_SELECTOR = YES;
				GCC_WARN_UNINITIALIZED_AUTOS = YES_AGGRESSIVE;
				GCC_WARN_UNUSED_FUNCTION = YES;
				GCC_WARN_UNUSED_VARIABLE = YES;
				IPHONEOS_DEPLOYMENT_TARGET = 13.2;
				MTL_ENABLE_DEBUG_INFO = INCLUDE_SOURCE;
				MTL_FAST_MATH = YES;
				ONLY_ACTIVE_ARCH = YES;
				SDKROOT = iphoneos;
				SWIFT_ACTIVE_COMPILATION_CONDITIONS = DEBUG;
				SWIFT_OPTIMIZATION_LEVEL = "-Onone";
			};
			name = Debug;
		};
		724D9E6D243464B20090CA69 /* Release */ = {
			isa = XCBuildConfiguration;
			buildSettings = {
				ALWAYS_SEARCH_USER_PATHS = NO;
				CLANG_ANALYZER_NONNULL = YES;
				CLANG_ANALYZER_NUMBER_OBJECT_CONVERSION = YES_AGGRESSIVE;
				CLANG_CXX_LANGUAGE_STANDARD = "gnu++14";
				CLANG_CXX_LIBRARY = "libc++";
				CLANG_ENABLE_MODULES = YES;
				CLANG_ENABLE_OBJC_ARC = YES;
				CLANG_ENABLE_OBJC_WEAK = YES;
				CLANG_WARN_BLOCK_CAPTURE_AUTORELEASING = YES;
				CLANG_WARN_BOOL_CONVERSION = YES;
				CLANG_WARN_COMMA = YES;
				CLANG_WARN_CONSTANT_CONVERSION = YES;
				CLANG_WARN_DEPRECATED_OBJC_IMPLEMENTATIONS = YES;
				CLANG_WARN_DIRECT_OBJC_ISA_USAGE = YES_ERROR;
				CLANG_WARN_DOCUMENTATION_COMMENTS = YES;
				CLANG_WARN_EMPTY_BODY = YES;
				CLANG_WARN_ENUM_CONVERSION = YES;
				CLANG_WARN_INFINITE_RECURSION = YES;
				CLANG_WARN_INT_CONVERSION = YES;
				CLANG_WARN_NON_LITERAL_NULL_CONVERSION = YES;
				CLANG_WARN_OBJC_IMPLICIT_RETAIN_SELF = YES;
				CLANG_WARN_OBJC_LITERAL_CONVERSION = YES;
				CLANG_WARN_OBJC_ROOT_CLASS = YES_ERROR;
				CLANG_WARN_RANGE_LOOP_ANALYSIS = YES;
				CLANG_WARN_STRICT_PROTOTYPES = YES;
				CLANG_WARN_SUSPICIOUS_MOVE = YES;
				CLANG_WARN_UNGUARDED_AVAILABILITY = YES_AGGRESSIVE;
				CLANG_WARN_UNREACHABLE_CODE = YES;
				CLANG_WARN__DUPLICATE_METHOD_MATCH = YES;
				COPY_PHASE_STRIP = NO;
				DEBUG_INFORMATION_FORMAT = "dwarf-with-dsym";
				ENABLE_NS_ASSERTIONS = NO;
				ENABLE_STRICT_OBJC_MSGSEND = YES;
				GCC_C_LANGUAGE_STANDARD = gnu11;
				GCC_NO_COMMON_BLOCKS = YES;
				GCC_WARN_64_TO_32_BIT_CONVERSION = YES;
				GCC_WARN_ABOUT_RETURN_TYPE = YES_ERROR;
				GCC_WARN_UNDECLARED_SELECTOR = YES;
				GCC_WARN_UNINITIALIZED_AUTOS = YES_AGGRESSIVE;
				GCC_WARN_UNUSED_FUNCTION = YES;
				GCC_WARN_UNUSED_VARIABLE = YES;
				IPHONEOS_DEPLOYMENT_TARGET = 13.2;
				MTL_ENABLE_DEBUG_INFO = NO;
				MTL_FAST_MATH = YES;
				SDKROOT = iphoneos;
				SWIFT_COMPILATION_MODE = wholemodule;
				SWIFT_OPTIMIZATION_LEVEL = "-O";
				VALIDATE_PRODUCT = YES;
			};
			name = Release;
		};
		724D9E6F243464B20090CA69 /* Debug */ = {
			isa = XCBuildConfiguration;
			buildSettings = {
				ASSETCATALOG_COMPILER_APPICON_NAME = AppIcon;
				CODE_SIGN_STYLE = Automatic;
				DEVELOPMENT_ASSET_PATHS = "\"play2/Preview Content\"";
				ENABLE_PREVIEWS = YES;
				INFOPLIST_FILE = play2/Info.plist;
				LD_RUNPATH_SEARCH_PATHS = (
					"$(inherited)",
					"@executable_path/Frameworks",
				);
				PRODUCT_BUNDLE_IDENTIFIER = gl.js.play2;
				PRODUCT_NAME = "$(TARGET_NAME)";
				SWIFT_VERSION = 5.0;
				TARGETED_DEVICE_FAMILY = "1,2";
			};
			name = Debug;
		};
		724D9E70243464B20090CA69 /* Release */ = {
			isa = XCBuildConfiguration;
			buildSettings = {
				ASSETCATALOG_COMPILER_APPICON_NAME = AppIcon;
				CODE_SIGN_STYLE = Automatic;
				DEVELOPMENT_ASSET_PATHS = "\"play2/Preview Content\"";
				ENABLE_PREVIEWS = YES;
				INFOPLIST_FILE = play2/Info.plist;
				LD_RUNPATH_SEARCH_PATHS = (
					"$(inherited)",
					"@executable_path/Frameworks",
				);
				PRODUCT_BUNDLE_IDENTIFIER = gl.js.play2;
				PRODUCT_NAME = "$(TARGET_NAME)";
				SWIFT_VERSION = 5.0;
				TARGETED_DEVICE_FAMILY = "1,2";
			};
			name = Release;
		};
/* End XCBuildConfiguration section */

/* Begin XCConfigurationList section */
		724D9E55243464B00090CA69 /* Build configuration list for PBXProject "play2" */ = {
			isa = XCConfigurationList;
			buildConfigurations = (
				724D9E6C243464B20090CA69 /* Debug */,
				724D9E6D243464B20090CA69 /* Release */,
			);
			defaultConfigurationIsVisible = 0;
			defaultConfigurationName = Release;
		};
		724D9E6E243464B20090CA69 /* Build configuration list for PBXNativeTarget "play2" */ = {
			isa = XCConfigurationList;
			buildConfigurations = (
				724D9E6F243464B20090CA69 /* Debug */,
				724D9E70243464B20090CA69 /* Release */,
			);
			defaultConfigurationIsVisible = 0;
			defaultConfigurationName = Release;
		};
/* End XCConfigurationList section */
	};
	rootObject = 724D9E52243464B00090CA69 /* Project object */;
}
